
Microsoft Visual Studio Solution File, Format Version 12.00
# Visual Studio Version 16
VisualStudioVersion = 16.0.30907.101
MinimumVisualStudioVersion = 10.0.40219.1
Project("{FAE04EC0-301F-11D3-BF4B-00C04F79EFBC}") = "Lab_Task_Mid", "Lab_Task_Mid\Lab_Task_Mid.csproj", "{5448654B-E4E6-4B8F-9FB5-0AA26857A08D}"
EndProject
Global
	GlobalSection(SolutionConfigurationPlatforms) = preSolution
		Debug|Any CPU = Debug|Any CPU
		Release|Any CPU = Release|Any CPU
	EndGlobalSection
	GlobalSection(ProjectConfigurationPlatforms) = postSolution
		{5448654B-E4E6-4B8F-9FB5-0AA26857A08D}.Debug|Any CPU.ActiveCfg = Debug|Any CPU
		{5448654B-E4E6-4B8F-9FB5-0AA26857A08D}.Debug|Any CPU.Build.0 = Debug|Any CPU
		{5448654B-E4E6-4B8F-9FB5-0AA26857A08D}.Release|Any CPU.ActiveCfg = Release|Any CPU
		{5448654B-E4E6-4B8F-9FB5-0AA26857A08D}.Release|Any CPU.Build.0 = Release|Any CPU
	EndGlobalSection
	GlobalSection(SolutionProperties) = preSolution
		HideSolutionNode = FALSE
	EndGlobalSection
	GlobalSection(ExtensibilityGlobals) = postSolution
		SolutionGuid = {C5BA1031-EA24-4B4A-99D1-06450264782B}
	EndGlobalSection
EndGlobal
